
Microsoft Visual Studio Solution File, Format Version 12.00
# Visual Studio 15
VisualStudioVersion = 15.0.26124.0
MinimumVisualStudioVersion = 15.0.26124.0
Project("{2150E333-8FDC-42A3-9474-1A3956D46DE8}") = "src", "src", "{87653D0A-E97D-4952-BFED-BF70FC49E728}"
EndProject
Project("{FAE04EC0-301F-11D3-BF4B-00C04F79EFBC}") = "BillManager", "src\BillManager\BillManager.csproj", "{21D5AE6E-CA82-4233-A6B7-687FD6632591}"
EndProject
Project("{FAE04EC0-301F-11D3-BF4B-00C04F79EFBC}") = "BillSDK", "src\BillSDK\BillSDK.csproj", "{C349BBAF-EEBD-49B3-B2A5-650438C5B83F}"
EndProject
Project("{FAE04EC0-301F-11D3-BF4B-00C04F79EFBC}") = "StockManager", "src\StockManager\StockManager.csproj", "{3B3B335D-5732-464A-A57A-D460EDCD6D49}"
EndProject
Project("{FAE04EC0-301F-11D3-BF4B-00C04F79EFBC}") = "StockSDK", "src\StockSDK\StockSDK.csproj", "{BEBB3549-9F50-414A-A7B4-98309DDB0398}"
EndProject
Project("{FAE04EC0-301F-11D3-BF4B-00C04F79EFBC}") = "UserManager", "src\UserManager\UserManager.csproj", "{4074188D-25C4-4E39-AA7A-B322C7CB495C}"
EndProject
Project("{FAE04EC0-301F-11D3-BF4B-00C04F79EFBC}") = "UserSDK", "src\UserSDK\UserSDK.csproj", "{7AE5126E-2F53-41A0-8BB8-D6184957A310}"
EndProject
Project("{FAE04EC0-301F-11D3-BF4B-00C04F79EFBC}") = "Main", "src\main\Main.csproj", "{053F2D36-8CF0-4336-8813-AE3832FFEF8A}"
EndProject
Global
	GlobalSection(SolutionConfigurationPlatforms) = preSolution
		Debug|Any CPU = Debug|Any CPU
		Debug|x64 = Debug|x64
		Debug|x86 = Debug|x86
		Release|Any CPU = Release|Any CPU
		Release|x64 = Release|x64
		Release|x86 = Release|x86
	EndGlobalSection
	GlobalSection(SolutionProperties) = preSolution
		HideSolutionNode = FALSE
	EndGlobalSection
	GlobalSection(ProjectConfigurationPlatforms) = postSolution
		{21D5AE6E-CA82-4233-A6B7-687FD6632591}.Debug|Any CPU.ActiveCfg = Debug|Any CPU
		{21D5AE6E-CA82-4233-A6B7-687FD6632591}.Debug|Any CPU.Build.0 = Debug|Any CPU
		{21D5AE6E-CA82-4233-A6B7-687FD6632591}.Debug|x64.ActiveCfg = Debug|Any CPU
		{21D5AE6E-CA82-4233-A6B7-687FD6632591}.Debug|x64.Build.0 = Debug|Any CPU
		{21D5AE6E-CA82-4233-A6B7-687FD6632591}.Debug|x86.ActiveCfg = Debug|Any CPU
		{21D5AE6E-CA82-4233-A6B7-687FD6632591}.Debug|x86.Build.0 = Debug|Any CPU
		{21D5AE6E-CA82-4233-A6B7-687FD6632591}.Release|Any CPU.ActiveCfg = Release|Any CPU
		{21D5AE6E-CA82-4233-A6B7-687FD6632591}.Release|Any CPU.Build.0 = Release|Any CPU
		{21D5AE6E-CA82-4233-A6B7-687FD6632591}.Release|x64.ActiveCfg = Release|Any CPU
		{21D5AE6E-CA82-4233-A6B7-687FD6632591}.Release|x64.Build.0 = Release|Any CPU
		{21D5AE6E-CA82-4233-A6B7-687FD6632591}.Release|x86.ActiveCfg = Release|Any CPU
		{21D5AE6E-CA82-4233-A6B7-687FD6632591}.Release|x86.Build.0 = Release|Any CPU
		{C349BBAF-EEBD-49B3-B2A5-650438C5B83F}.Debug|Any CPU.ActiveCfg = Debug|Any CPU
		{C349BBAF-EEBD-49B3-B2A5-650438C5B83F}.Debug|Any CPU.Build.0 = Debug|Any CPU
		{C349BBAF-EEBD-49B3-B2A5-650438C5B83F}.Debug|x64.ActiveCfg = Debug|Any CPU
		{C349BBAF-EEBD-49B3-B2A5-650438C5B83F}.Debug|x64.Build.0 = Debug|Any CPU
		{C349BBAF-EEBD-49B3-B2A5-650438C5B83F}.Debug|x86.ActiveCfg = Debug|Any CPU
		{C349BBAF-EEBD-49B3-B2A5-650438C5B83F}.Debug|x86.Build.0 = Debug|Any CPU
		{C349BBAF-EEBD-49B3-B2A5-650438C5B83F}.Release|Any CPU.ActiveCfg = Release|Any CPU
		{C349BBAF-EEBD-49B3-B2A5-650438C5B83F}.Release|Any CPU.Build.0 = Release|Any CPU
		{C349BBAF-EEBD-49B3-B2A5-650438C5B83F}.Release|x64.ActiveCfg = Release|Any CPU
		{C349BBAF-EEBD-49B3-B2A5-650438C5B83F}.Release|x64.Build.0 = Release|Any CPU
		{C349BBAF-EEBD-49B3-B2A5-650438C5B83F}.Release|x86.ActiveCfg = Release|Any CPU
		{C349BBAF-EEBD-49B3-B2A5-650438C5B83F}.Release|x86.Build.0 = Release|Any CPU
		{3B3B335D-5732-464A-A57A-D460EDCD6D49}.Debug|Any CPU.ActiveCfg = Debug|Any CPU
		{3B3B335D-5732-464A-A57A-D460EDCD6D49}.Debug|Any CPU.Build.0 = Debug|Any CPU
		{3B3B335D-5732-464A-A57A-D460EDCD6D49}.Debug|x64.ActiveCfg = Debug|Any CPU
		{3B3B335D-5732-464A-A57A-D460EDCD6D49}.Debug|x64.Build.0 = Debug|Any CPU
		{3B3B335D-5732-464A-A57A-D460EDCD6D49}.Debug|x86.ActiveCfg = Debug|Any CPU
		{3B3B335D-5732-464A-A57A-D460EDCD6D49}.Debug|x86.Build.0 = Debug|Any CPU
		{3B3B335D-5732-464A-A57A-D460EDCD6D49}.Release|Any CPU.ActiveCfg = Release|Any CPU
		{3B3B335D-5732-464A-A57A-D460EDCD6D49}.Release|Any CPU.Build.0 = Release|Any CPU
		{3B3B335D-5732-464A-A57A-D460EDCD6D49}.Release|x64.ActiveCfg = Release|Any CPU
		{3B3B335D-5732-464A-A57A-D460EDCD6D49}.Release|x64.Build.0 = Release|Any CPU
		{3B3B335D-5732-464A-A57A-D460EDCD6D49}.Release|x86.ActiveCfg = Release|Any CPU
		{3B3B335D-5732-464A-A57A-D460EDCD6D49}.Release|x86.Build.0 = Release|Any CPU
		{BEBB3549-9F50-414A-A7B4-98309DDB0398}.Debug|Any CPU.ActiveCfg = Debug|Any CPU
		{BEBB3549-9F50-414A-A7B4-98309DDB0398}.Debug|Any CPU.Build.0 = Debug|Any CPU
		{BEBB3549-9F50-414A-A7B4-98309DDB0398}.Debug|x64.ActiveCfg = Debug|Any CPU
		{BEBB3549-9F50-414A-A7B4-98309DDB0398}.Debug|x64.Build.0 = Debug|Any CPU
		{BEBB3549-9F50-414A-A7B4-98309DDB0398}.Debug|x86.ActiveCfg = Debug|Any CPU
		{BEBB3549-9F50-414A-A7B4-98309DDB0398}.Debug|x86.Build.0 = Debug|Any CPU
		{BEBB3549-9F50-414A-A7B4-98309DDB0398}.Release|Any CPU.ActiveCfg = Release|Any CPU
		{BEBB3549-9F50-414A-A7B4-98309DDB0398}.Release|Any CPU.Build.0 = Release|Any CPU
		{BEBB3549-9F50-414A-A7B4-98309DDB0398}.Release|x64.ActiveCfg = Release|Any CPU
		{BEBB3549-9F50-414A-A7B4-98309DDB0398}.Release|x64.Build.0 = Release|Any CPU
		{BEBB3549-9F50-414A-A7B4-98309DDB0398}.Release|x86.ActiveCfg = Release|Any CPU
		{BEBB3549-9F50-414A-A7B4-98309DDB0398}.Release|x86.Build.0 = Release|Any CPU
		{4074188D-25C4-4E39-AA7A-B322C7CB495C}.Debug|Any CPU.ActiveCfg = Debug|Any CPU
		{4074188D-25C4-4E39-AA7A-B322C7CB495C}.Debug|Any CPU.Build.0 = Debug|Any CPU
		{4074188D-25C4-4E39-AA7A-B322C7CB495C}.Debug|x64.ActiveCfg = Debug|Any CPU
		{4074188D-25C4-4E39-AA7A-B322C7CB495C}.Debug|x64.Build.0 = Debug|Any CPU
		{4074188D-25C4-4E39-AA7A-B322C7CB495C}.Debug|x86.ActiveCfg = Debug|Any CPU
		{4074188D-25C4-4E39-AA7A-B322C7CB495C}.Debug|x86.Build.0 = Debug|Any CPU
		{4074188D-25C4-4E39-AA7A-B322C7CB495C}.Release|Any CPU.ActiveCfg = Release|Any CPU
		{4074188D-25C4-4E39-AA7A-B322C7CB495C}.Release|Any CPU.Build.0 = Release|Any CPU
		{4074188D-25C4-4E39-AA7A-B322C7CB495C}.Release|x64.ActiveCfg = Release|Any CPU
		{4074188D-25C4-4E39-AA7A-B322C7CB495C}.Release|x64.Build.0 = Release|Any CPU
		{4074188D-25C4-4E39-AA7A-B322C7CB495C}.Release|x86.ActiveCfg = Release|Any CPU
		{4074188D-25C4-4E39-AA7A-B322C7CB495C}.Release|x86.Build.0 = Release|Any CPU
		{7AE5126E-2F53-41A0-8BB8-D6184957A310}.Debug|Any CPU.ActiveCfg = Debug|Any CPU
		{7AE5126E-2F53-41A0-8BB8-D6184957A310}.Debug|Any CPU.Build.0 = Debug|Any CPU
		{7AE5126E-2F53-41A0-8BB8-D6184957A310}.Debug|x64.ActiveCfg = Debug|Any CPU
		{7AE5126E-2F53-41A0-8BB8-D6184957A310}.Debug|x64.Build.0 = Debug|Any CPU
		{7AE5126E-2F53-41A0-8BB8-D6184957A310}.Debug|x86.ActiveCfg = Debug|Any CPU
		{7AE5126E-2F53-41A0-8BB8-D6184957A310}.Debug|x86.Build.0 = Debug|Any CPU
		{7AE5126E-2F53-41A0-8BB8-D6184957A310}.Release|Any CPU.ActiveCfg = Release|Any CPU
		{7AE5126E-2F53-41A0-8BB8-D6184957A310}.Release|Any CPU.Build.0 = Release|Any CPU
		{7AE5126E-2F53-41A0-8BB8-D6184957A310}.Release|x64.ActiveCfg = Release|Any CPU
		{7AE5126E-2F53-41A0-8BB8-D6184957A310}.Release|x64.Build.0 = Release|Any CPU
		{7AE5126E-2F53-41A0-8BB8-D6184957A310}.Release|x86.ActiveCfg = Release|Any CPU
		{7AE5126E-2F53-41A0-8BB8-D6184957A310}.Release|x86.Build.0 = Release|Any CPU
		{053F2D36-8CF0-4336-8813-AE3832FFEF8A}.Debug|Any CPU.ActiveCfg = Debug|Any CPU
		{053F2D36-8CF0-4336-8813-AE3832FFEF8A}.Debug|Any CPU.Build.0 = Debug|Any CPU
		{053F2D36-8CF0-4336-8813-AE3832FFEF8A}.Debug|x64.ActiveCfg = Debug|Any CPU
		{053F2D36-8CF0-4336-8813-AE3832FFEF8A}.Debug|x64.Build.0 = Debug|Any CPU
		{053F2D36-8CF0-4336-8813-AE3832FFEF8A}.Debug|x86.ActiveCfg = Debug|Any CPU
		{053F2D36-8CF0-4336-8813-AE3832FFEF8A}.Debug|x86.Build.0 = Debug|Any CPU
		{053F2D36-8CF0-4336-8813-AE3832FFEF8A}.Release|Any CPU.ActiveCfg = Release|Any CPU
		{053F2D36-8CF0-4336-8813-AE3832FFEF8A}.Release|Any CPU.Build.0 = Release|Any CPU
		{053F2D36-8CF0-4336-8813-AE3832FFEF8A}.Release|x64.ActiveCfg = Release|Any CPU
		{053F2D36-8CF0-4336-8813-AE3832FFEF8A}.Release|x64.Build.0 = Release|Any CPU
		{053F2D36-8CF0-4336-8813-AE3832FFEF8A}.Release|x86.ActiveCfg = Release|Any CPU
		{053F2D36-8CF0-4336-8813-AE3832FFEF8A}.Release|x86.Build.0 = Release|Any CPU
	EndGlobalSection
	GlobalSection(NestedProjects) = preSolution
		{21D5AE6E-CA82-4233-A6B7-687FD6632591} = {87653D0A-E97D-4952-BFED-BF70FC49E728}
		{C349BBAF-EEBD-49B3-B2A5-650438C5B83F} = {87653D0A-E97D-4952-BFED-BF70FC49E728}
		{3B3B335D-5732-464A-A57A-D460EDCD6D49} = {87653D0A-E97D-4952-BFED-BF70FC49E728}
		{BEBB3549-9F50-414A-A7B4-98309DDB0398} = {87653D0A-E97D-4952-BFED-BF70FC49E728}
		{4074188D-25C4-4E39-AA7A-B322C7CB495C} = {87653D0A-E97D-4952-BFED-BF70FC49E728}
		{7AE5126E-2F53-41A0-8BB8-D6184957A310} = {87653D0A-E97D-4952-BFED-BF70FC49E728}
		{053F2D36-8CF0-4336-8813-AE3832FFEF8A} = {87653D0A-E97D-4952-BFED-BF70FC49E728}
	EndGlobalSection
EndGlobal
